
Microsoft Visual Studio Solution File, Format Version 12.00
# Visual Studio Version 17
VisualStudioVersion = 17.9.34714.143
MinimumVisualStudioVersion = 10.0.40219.1
Project("{FAE04EC0-301F-11D3-BF4B-00C04F79EFBC}") = "PANELHERRAMIENTAS", "PANELHERRAMIENTAS.csproj", "{307AC196-5243-414E-AD55-42C4F0C58557}"
EndProject
Global
	GlobalSection(SolutionConfigurationPlatforms) = preSolution
		Debug|Any CPU = Debug|Any CPU
		Release|Any CPU = Release|Any CPU
	EndGlobalSection
	GlobalSection(ProjectConfigurationPlatforms) = postSolution
		{307AC196-5243-414E-AD55-42C4F0C58557}.Debug|Any CPU.ActiveCfg = Debug|Any CPU
		{307AC196-5243-414E-AD55-42C4F0C58557}.Debug|Any CPU.Build.0 = Debug|Any CPU
		{307AC196-5243-414E-AD55-42C4F0C58557}.Release|Any CPU.ActiveCfg = Release|Any CPU
		{307AC196-5243-414E-AD55-42C4F0C58557}.Release|Any CPU.Build.0 = Release|Any CPU
	EndGlobalSection
	GlobalSection(SolutionProperties) = preSolution
		HideSolutionNode = FALSE
	EndGlobalSection
	GlobalSection(ExtensibilityGlobals) = postSolution
		SolutionGuid = {2FA98874-11C3-44D3-B934-F5DE4CDD5840}
	EndGlobalSection
EndGlobal
